
Microsoft Visual Studio Solution File, Format Version 12.00
# Visual Studio Version 17
VisualStudioVersion = 17.14.37111.16
MinimumVisualStudioVersion = 10.0.40219.1
Project("{FAE04EC0-301F-11D3-BF4B-00C04F79EFBC}") = "inizio", "inizio\inizio.csproj", "{DCD506AC-632F-4B47-B842-D8ED5AE578F8}"
EndProject
Project("{FAE04EC0-301F-11D3-BF4B-00C04F79EFBC}") = "inizio.Tests", "inizio.Tests\inizio.Tests.csproj", "{C7F09924-06E8-46CD-9DEC-7BEF8D316780}"
EndProject
Global
	GlobalSection(SolutionConfigurationPlatforms) = preSolution
		Debug|Any CPU = Debug|Any CPU
		Release|Any CPU = Release|Any CPU
	EndGlobalSection
	GlobalSection(ProjectConfigurationPlatforms) = postSolution
		{DCD506AC-632F-4B47-B842-D8ED5AE578F8}.Debug|Any CPU.ActiveCfg = Debug|Any CPU
		{DCD506AC-632F-4B47-B842-D8ED5AE578F8}.Debug|Any CPU.Build.0 = Debug|Any CPU
		{DCD506AC-632F-4B47-B842-D8ED5AE578F8}.Release|Any CPU.ActiveCfg = Release|Any CPU
		{DCD506AC-632F-4B47-B842-D8ED5AE578F8}.Release|Any CPU.Build.0 = Release|Any CPU
		{C7F09924-06E8-46CD-9DEC-7BEF8D316780}.Debug|Any CPU.ActiveCfg = Debug|Any CPU
		{C7F09924-06E8-46CD-9DEC-7BEF8D316780}.Debug|Any CPU.Build.0 = Debug|Any CPU
		{C7F09924-06E8-46CD-9DEC-7BEF8D316780}.Release|Any CPU.ActiveCfg = Release|Any CPU
		{C7F09924-06E8-46CD-9DEC-7BEF8D316780}.Release|Any CPU.Build.0 = Release|Any CPU
	EndGlobalSection
	GlobalSection(SolutionProperties) = preSolution
		HideSolutionNode = FALSE
	EndGlobalSection
	GlobalSection(ExtensibilityGlobals) = postSolution
		SolutionGuid = {73AC9DB0-11FB-4CC7-8047-C49C8C8A8D6A}
	EndGlobalSection
EndGlobal
